
Microsoft Visual Studio Solution File, Format Version 12.00
# Visual Studio Version 17
VisualStudioVersion = 17.0.32014.148
MinimumVisualStudioVersion = 10.0.40219.1
Project("{8BC9CEB8-8B4A-11D0-8D11-00A0C91BC942}") = "hw2(时间）", "hw2(时间）\hw2(时间）.vcxproj", "{65C46D83-BADE-4189-8102-A8363CCAEDD9}"
EndProject
Global
	GlobalSection(SolutionConfigurationPlatforms) = preSolution
		Debug|x64 = Debug|x64
		Debug|x86 = Debug|x86
		Release|x64 = Release|x64
		Release|x86 = Release|x86
	EndGlobalSection
	GlobalSection(ProjectConfigurationPlatforms) = postSolution
		{65C46D83-BADE-4189-8102-A8363CCAEDD9}.Debug|x64.ActiveCfg = Debug|x64
		{65C46D83-BADE-4189-8102-A8363CCAEDD9}.Debug|x64.Build.0 = Debug|x64
		{65C46D83-BADE-4189-8102-A8363CCAEDD9}.Debug|x86.ActiveCfg = Debug|Win32
		{65C46D83-BADE-4189-8102-A8363CCAEDD9}.Debug|x86.Build.0 = Debug|Win32
		{65C46D83-BADE-4189-8102-A8363CCAEDD9}.Release|x64.ActiveCfg = Release|x64
		{65C46D83-BADE-4189-8102-A8363CCAEDD9}.Release|x64.Build.0 = Release|x64
		{65C46D83-BADE-4189-8102-A8363CCAEDD9}.Release|x86.ActiveCfg = Release|Win32
		{65C46D83-BADE-4189-8102-A8363CCAEDD9}.Release|x86.Build.0 = Release|Win32
	EndGlobalSection
	GlobalSection(SolutionProperties) = preSolution
		HideSolutionNode = FALSE
	EndGlobalSection
	GlobalSection(ExtensibilityGlobals) = postSolution
		SolutionGuid = {D846EB4C-B31D-4030-A170-DA717A5FF64B}
	EndGlobalSection
EndGlobal
